
Microsoft Visual Studio Solution File, Format Version 12.00
# Visual Studio Version 16
VisualStudioVersion = 16.0.33529.622
MinimumVisualStudioVersion = 10.0.40219.1
Project("{FAE04EC0-301F-11D3-BF4B-00C04F79EFBC}") = "back", "back\back.csproj", "{99A50D94-87B2-4341-B367-5BB4DF25CAE6}"
EndProject
Global
	GlobalSection(SolutionConfigurationPlatforms) = preSolution
		Debug|Any CPU = Debug|Any CPU
		Release|Any CPU = Release|Any CPU
	EndGlobalSection
	GlobalSection(ProjectConfigurationPlatforms) = postSolution
		{99A50D94-87B2-4341-B367-5BB4DF25CAE6}.Debug|Any CPU.ActiveCfg = Debug|Any CPU
		{99A50D94-87B2-4341-B367-5BB4DF25CAE6}.Debug|Any CPU.Build.0 = Debug|Any CPU
		{99A50D94-87B2-4341-B367-5BB4DF25CAE6}.Release|Any CPU.ActiveCfg = Release|Any CPU
		{99A50D94-87B2-4341-B367-5BB4DF25CAE6}.Release|Any CPU.Build.0 = Release|Any CPU
	EndGlobalSection
	GlobalSection(SolutionProperties) = preSolution
		HideSolutionNode = FALSE
	EndGlobalSection
	GlobalSection(ExtensibilityGlobals) = postSolution
		SolutionGuid = {0E950ACC-A791-4098-B89A-EC8AA0514D95}
	EndGlobalSection
EndGlobal
